456
Microsoft Visual Studio Solution File, Format Version 12.00
# Visual Studio 15
VisualStudioVersion = 15.0.27004.2002
MinimumVisualStudioVersion = 10.0.40219.1
Project("{FAE04EC0-301F-11D3-BF4B-00C04F79EFBC}") = "FileTools", "FileToos\FileTools.csproj", "{E1813743-554B-425A-B3EC-0BC6F9399B24}"
EndProject
Project("{FAE04EC0-301F-11D3-BF4B-00C04F79EFBC}") = "Sino.Model", "Sino.Model\Sino.Model.csproj", "{DE863982-5E60-4751-876F-4DE08F892A90}"
EndProject
Project("{FAE04EC0-301F-11D3-BF4B-00C04F79EFBC}") = "Sino.Dal", "Sino.Dal\Sino.Dal.csproj", "{63481508-B63A-4CF4-B432-03DB22EEFA14}"
EndProject
Project("{FAE04EC0-301F-11D3-BF4B-00C04F79EFBC}") = "Sino.Bll", "Sino.Bll\Sino.Bll.csproj", "{29DC12BF-9F6A-42D5-94E1-215C13C03AC8}"
EndProject
Project("{FAE04EC0-301F-11D3-BF4B-00C04F79EFBC}") = "Sino.Common", "Sino.Common\Sino.Common.csproj", "{CECBF7C4-F65D-4063-8D1F-99D9B5859868}"
EndProject
Global
	GlobalSection(SolutionConfigurationPlatforms) = preSolution
		Debug|Any CPU = Debug|Any CPU
		Debug|Mixed Platforms = Debug|Mixed Platforms
		Debug|x86 = Debug|x86
		Release|Any CPU = Release|Any CPU
		Release|Mixed Platforms = Release|Mixed Platforms
		Release|x86 = Release|x86
	EndGlobalSection
	GlobalSection(ProjectConfigurationPlatforms) = postSolution
		{E1813743-554B-425A-B3EC-0BC6F9399B24}.Debug|Any CPU.ActiveCfg = Debug|x86
		{E1813743-554B-425A-B3EC-0BC6F9399B24}.Debug|Mixed Platforms.ActiveCfg = Debug|x86
		{E1813743-554B-425A-B3EC-0BC6F9399B24}.Debug|Mixed Platforms.Build.0 = Debug|x86
		{E1813743-554B-425A-B3EC-0BC6F9399B24}.Debug|x86.ActiveCfg = Debug|x86
		{E1813743-554B-425A-B3EC-0BC6F9399B24}.Debug|x86.Build.0 = Debug|x86
		{E1813743-554B-425A-B3EC-0BC6F9399B24}.Release|Any CPU.ActiveCfg = Release|x86
		{E1813743-554B-425A-B3EC-0BC6F9399B24}.Release|Mixed Platforms.ActiveCfg = Release|x86
		{E1813743-554B-425A-B3EC-0BC6F9399B24}.Release|Mixed Platforms.Build.0 = Release|x86
		{E1813743-554B-425A-B3EC-0BC6F9399B24}.Release|x86.ActiveCfg = Release|x86
		{E1813743-554B-425A-B3EC-0BC6F9399B24}.Release|x86.Build.0 = Release|x86
		{DE863982-5E60-4751-876F-4DE08F892A90}.Debug|Any CPU.ActiveCfg = Debug|Any CPU
		{DE863982-5E60-4751-876F-4DE08F892A90}.Debug|Any CPU.Build.0 = Debug|Any CPU
		{DE863982-5E60-4751-876F-4DE08F892A90}.Debug|Mixed Platforms.ActiveCfg = Debug|Any CPU
		{DE863982-5E60-4751-876F-4DE08F892A90}.Debug|Mixed Platforms.Build.0 = Debug|Any CPU
		{DE863982-5E60-4751-876F-4DE08F892A90}.Debug|x86.ActiveCfg = Debug|Any CPU
		{DE863982-5E60-4751-876F-4DE08F892A90}.Release|Any CPU.ActiveCfg = Release|Any CPU
		{DE863982-5E60-4751-876F-4DE08F892A90}.Release|Any CPU.Build.0 = Release|Any CPU
		{DE863982-5E60-4751-876F-4DE08F892A90}.Release|Mixed Platforms.ActiveCfg = Release|Any CPU
		{DE863982-5E60-4751-876F-4DE08F892A90}.Release|Mixed Platforms.Build.0 = Release|Any CPU
		{DE863982-5E60-4751-876F-4DE08F892A90}.Release|x86.ActiveCfg = Release|Any CPU
		{63481508-B63A-4CF4-B432-03DB22EEFA14}.Debug|Any CPU.ActiveCfg = Debug|Any CPU
		{63481508-B63A-4CF4-B432-03DB22EEFA14}.Debug|Any CPU.Build.0 = Debug|Any CPU
		{63481508-B63A-4CF4-B432-03DB22EEFA14}.Debug|Mixed Platforms.ActiveCfg = Debug|Any CPU
		{63481508-B63A-4CF4-B432-03DB22EEFA14}.Debug|Mixed Platforms.Build.0 = Debug|Any CPU
		{63481508-B63A-4CF4-B432-03DB22EEFA14}.Debug|x86.ActiveCfg = Debug|Any CPU
		{63481508-B63A-4CF4-B432-03DB22EEFA14}.Release|Any CPU.ActiveCfg = Release|Any CPU
		{63481508-B63A-4CF4-B432-03DB22EEFA14}.Release|Any CPU.Build.0 = Release|Any CPU
		{63481508-B63A-4CF4-B432-03DB22EEFA14}.Release|Mixed Platforms.ActiveCfg = Release|Any CPU
		{63481508-B63A-4CF4-B432-03DB22EEFA14}.Release|Mixed Platforms.Build.0 = Release|Any CPU
		{63481508-B63A-4CF4-B432-03DB22EEFA14}.Release|x86.ActiveCfg = Release|Any CPU
		{29DC12BF-9F6A-42D5-94E1-215C13C03AC8}.Debug|Any CPU.ActiveCfg = Debug|Any CPU
		{29DC12BF-9F6A-42D5-94E1-215C13C03AC8}.Debug|Any CPU.Build.0 = Debug|Any CPU
		{29DC12BF-9F6A-42D5-94E1-215C13C03AC8}.Debug|Mixed Platforms.ActiveCfg = Debug|Any CPU
		{29DC12BF-9F6A-42D5-94E1-215C13C03AC8}.Debug|Mixed Platforms.Build.0 = Debug|Any CPU
		{29DC12BF-9F6A-42D5-94E1-215C13C03AC8}.Debug|x86.ActiveCfg = Debug|Any CPU
		{29DC12BF-9F6A-42D5-94E1-215C13C03AC8}.Release|Any CPU.ActiveCfg = Release|Any CPU
		{29DC12BF-9F6A-42D5-94E1-215C13C03AC8}.Release|Any CPU.Build.0 = Release|Any CPU
		{29DC12BF-9F6A-42D5-94E1-215C13C03AC8}.Release|Mixed Platforms.ActiveCfg = Release|Any CPU
		{29DC12BF-9F6A-42D5-94E1-215C13C03AC8}.Release|Mixed Platforms.Build.0 = Release|Any CPU
		{29DC12BF-9F6A-42D5-94E1-215C13C03AC8}.Release|x86.ActiveCfg = Release|Any CPU
		{CECBF7C4-F65D-4063-8D1F-99D9B5859868}.Debug|Any CPU.ActiveCfg = Debug|Any CPU
		{CECBF7C4-F65D-4063-8D1F-99D9B5859868}.Debug|Any CPU.Build.0 = Debug|Any CPU
		{CECBF7C4-F65D-4063-8D1F-99D9B5859868}.Debug|Mixed Platforms.ActiveCfg = Debug|Any CPU
		{CECBF7C4-F65D-4063-8D1F-99D9B5859868}.Debug|Mixed Platforms.Build.0 = Debug|Any CPU
		{CECBF7C4-F65D-4063-8D1F-99D9B5859868}.Debug|x86.ActiveCfg = Debug|Any CPU
		{CECBF7C4-F65D-4063-8D1F-99D9B5859868}.Release|Any CPU.ActiveCfg = Release|Any CPU
		{CECBF7C4-F65D-4063-8D1F-99D9B5859868}.Release|Any CPU.Build.0 = Release|Any CPU
		{CECBF7C4-F65D-4063-8D1F-99D9B5859868}.Release|Mixed Platforms.ActiveCfg = Release|Any CPU
		{CECBF7C4-F65D-4063-8D1F-99D9B5859868}.Release|Mixed Platforms.Build.0 = Release|Any CPU
		{CECBF7C4-F65D-4063-8D1F-99D9B5859868}.Release|x86.ActiveCfg = Release|Any CPU
	EndGlobalSection
	GlobalSection(SolutionProperties) = preSolution
		HideSolutionNode = FALSE
	EndGlobalSection
	GlobalSection(ExtensibilityGlobals) = postSolution
		SolutionGuid = {71716242-3596-4A60-AB3B-8F57CF5E5B91}
	EndGlobalSection
EndGlobal
